
Microsoft Visual Studio Solution File, Format Version 12.00
# Visual Studio 15
VisualStudioVersion = 15.0.28307.106
MinimumVisualStudioVersion = 10.0.40219.1
Project("{FAE04EC0-301F-11D3-BF4B-00C04F79EFBC}") = "Programa", "Programa\Programa.csproj", "{B85E7E6B-17F7-4E80-9272-8D30ECF67F82}"
EndProject
Project("{FAE04EC0-301F-11D3-BF4B-00C04F79EFBC}") = "Acceder", "Acceder\Acceder.csproj", "{976BC909-3D49-40DB-B76E-E05629B7DDF5}"
EndProject
Global
	GlobalSection(SolutionConfigurationPlatforms) = preSolution
		Debug|Any CPU = Debug|Any CPU
		Release|Any CPU = Release|Any CPU
	EndGlobalSection
	GlobalSection(ProjectConfigurationPlatforms) = postSolution
		{B85E7E6B-17F7-4E80-9272-8D30ECF67F82}.Debug|Any CPU.ActiveCfg = Debug|Any CPU
		{B85E7E6B-17F7-4E80-9272-8D30ECF67F82}.Debug|Any CPU.Build.0 = Debug|Any CPU
		{B85E7E6B-17F7-4E80-9272-8D30ECF67F82}.Release|Any CPU.ActiveCfg = Release|Any CPU
		{B85E7E6B-17F7-4E80-9272-8D30ECF67F82}.Release|Any CPU.Build.0 = Release|Any CPU
		{976BC909-3D49-40DB-B76E-E05629B7DDF5}.Debug|Any CPU.ActiveCfg = Debug|Any CPU
		{976BC909-3D49-40DB-B76E-E05629B7DDF5}.Debug|Any CPU.Build.0 = Debug|Any CPU
		{976BC909-3D49-40DB-B76E-E05629B7DDF5}.Release|Any CPU.ActiveCfg = Release|Any CPU
		{976BC909-3D49-40DB-B76E-E05629B7DDF5}.Release|Any CPU.Build.0 = Release|Any CPU
	EndGlobalSection
	GlobalSection(SolutionProperties) = preSolution
		HideSolutionNode = FALSE
	EndGlobalSection
	GlobalSection(ExtensibilityGlobals) = postSolution
		SolutionGuid = {64522D1E-EF99-4B98-99ED-2D8299AA4408}
	EndGlobalSection
EndGlobal
